
Microsoft Visual Studio Solution File, Format Version 12.00
# Visual Studio Version 16
VisualStudioVersion = 16.0.30406.217
MinimumVisualStudioVersion = 10.0.40219.1
Project("{FAE04EC0-301F-11D3-BF4B-00C04F79EFBC}") = "Com.Solution.API", "Com.Solution.API\Com.Solution.API.csproj", "{DB8212CF-847A-4917-A746-E0D290C52DB6}"
EndProject
Project("{FAE04EC0-301F-11D3-BF4B-00C04F79EFBC}") = "Com.Solution.Core", "Com.Solution.Core\Com.Solution.Core.csproj", "{98C20F21-A658-414D-B261-BC006D1A1BE8}"
EndProject
Project("{FAE04EC0-301F-11D3-BF4B-00C04F79EFBC}") = "Com.Solution.Infraestructure", "Com.Solution.Infraestructure\Com.Solution.Infraestructure.csproj", "{6150CC85-5928-4BE9-9DD3-07D7C484F4B5}"
EndProject
Global
	GlobalSection(SolutionConfigurationPlatforms) = preSolution
		Debug|Any CPU = Debug|Any CPU
		Release|Any CPU = Release|Any CPU
	EndGlobalSection
	GlobalSection(ProjectConfigurationPlatforms) = postSolution
		{DB8212CF-847A-4917-A746-E0D290C52DB6}.Debug|Any CPU.ActiveCfg = Debug|Any CPU
		{DB8212CF-847A-4917-A746-E0D290C52DB6}.Debug|Any CPU.Build.0 = Debug|Any CPU
		{DB8212CF-847A-4917-A746-E0D290C52DB6}.Release|Any CPU.ActiveCfg = Release|Any CPU
		{DB8212CF-847A-4917-A746-E0D290C52DB6}.Release|Any CPU.Build.0 = Release|Any CPU
		{98C20F21-A658-414D-B261-BC006D1A1BE8}.Debug|Any CPU.ActiveCfg = Debug|Any CPU
		{98C20F21-A658-414D-B261-BC006D1A1BE8}.Debug|Any CPU.Build.0 = Debug|Any CPU
		{98C20F21-A658-414D-B261-BC006D1A1BE8}.Release|Any CPU.ActiveCfg = Release|Any CPU
		{98C20F21-A658-414D-B261-BC006D1A1BE8}.Release|Any CPU.Build.0 = Release|Any CPU
		{6150CC85-5928-4BE9-9DD3-07D7C484F4B5}.Debug|Any CPU.ActiveCfg = Debug|Any CPU
		{6150CC85-5928-4BE9-9DD3-07D7C484F4B5}.Debug|Any CPU.Build.0 = Debug|Any CPU
		{6150CC85-5928-4BE9-9DD3-07D7C484F4B5}.Release|Any CPU.ActiveCfg = Release|Any CPU
		{6150CC85-5928-4BE9-9DD3-07D7C484F4B5}.Release|Any CPU.Build.0 = Release|Any CPU
	EndGlobalSection
	GlobalSection(SolutionProperties) = preSolution
		HideSolutionNode = FALSE
	EndGlobalSection
	GlobalSection(ExtensibilityGlobals) = postSolution
		SolutionGuid = {8179B80E-3D96-46F2-98CA-250CB2F0C13A}
	EndGlobalSection
EndGlobal
